
Microsoft Visual Studio Solution File, Format Version 12.00
# Visual Studio Version 17
VisualStudioVersion = 17.4.33205.214
MinimumVisualStudioVersion = 10.0.40219.1
Project("{FAE04EC0-301F-11D3-BF4B-00C04F79EFBC}") = "Chess", "Chess.csproj", "{C8AF7F54-9EFE-4689-961A-8624DDB26DEE}"
EndProject
Global
	GlobalSection(SolutionConfigurationPlatforms) = preSolution
		Debug|Any CPU = Debug|Any CPU
		Release|Any CPU = Release|Any CPU
	EndGlobalSection
	GlobalSection(ProjectConfigurationPlatforms) = postSolution
		{C8AF7F54-9EFE-4689-961A-8624DDB26DEE}.Debug|Any CPU.ActiveCfg = Debug|Any CPU
		{C8AF7F54-9EFE-4689-961A-8624DDB26DEE}.Debug|Any CPU.Build.0 = Debug|Any CPU
		{C8AF7F54-9EFE-4689-961A-8624DDB26DEE}.Release|Any CPU.ActiveCfg = Release|Any CPU
		{C8AF7F54-9EFE-4689-961A-8624DDB26DEE}.Release|Any CPU.Build.0 = Release|Any CPU
	EndGlobalSection
	GlobalSection(SolutionProperties) = preSolution
		HideSolutionNode = FALSE
	EndGlobalSection
	GlobalSection(ExtensibilityGlobals) = postSolution
		SolutionGuid = {059105FF-4343-4CD7-AAB0-6476BAB45425}
	EndGlobalSection
EndGlobal
